{
    "name": "@byteowls/capacitor-sms",
    "version": "4.0.0",
    "lockfileVersion": 2,
    "requires": true,
    "packages": {
        "": {
            "name": "@byteowls/capacitor-sms",
            "version": "4.0.0",
            "license": "MIT",
            "devDependencies": {
                "@capacitor/android": "next",
                "@capacitor/core": "next",
                "@capacitor/ios": "next",
                "typescript": "^4.0.3"
            },
            "peerDependencies": {
                "@capacitor/core": ">=5"
            }
        },
        "node_modules/@capacitor/android": {
            "version": "5.0.0-beta.3",
            "resolved": "https://registry.npmjs.org/@capacitor/android/-/android-5.0.0-beta.3.tgz",
            "integrity": "sha512-w9Q9OPi8o1Ay0IATiB7HhhQWPuUD9a3RsI/gc9okKjMbgROXtFGdupr/22pY5OVBjxeRX9VHGK4mmpAqAZ+bAg==",
            "dev": true,
            "peerDependencies": {
                "@capacitor/core": "^5.0.0-beta.2"
            }
        },
        "node_modules/@capacitor/core": {
            "version": "5.0.0-beta.3",
            "resolved": "https://registry.npmjs.org/@capacitor/core/-/core-5.0.0-beta.3.tgz",
            "integrity": "sha512-veJbc/FsLxb1BiOJwBBR1aC6VIPZo+vKH3SvuuYxKX0NLo6ouTohqVD4iMMYLy+VaeSAaF08h0d8ymkooMraFA==",
            "dev": true,
            "dependencies": {
                "tslib": "^2.1.0"
            }
        },
        "node_modules/@capacitor/ios": {
            "version": "5.0.0-beta.3",
            "resolved": "https://registry.npmjs.org/@capacitor/ios/-/ios-5.0.0-beta.3.tgz",
            "integrity": "sha512-AbHf8y3RiIsHctyu/oUe5XtdR/g/FVxzOvjTQWvqkV/bBcoOuFzSa9SC+OpatmAd3Axlie5sUwVKNMh9zqucbg==",
            "dev": true,
            "peerDependencies": {
                "@capacitor/core": "^5.0.0-beta.2"
            }
        },
        "node_modules/tslib": {
            "version": "2.4.0",
            "resolved": "https://registry.npmjs.org/tslib/-/tslib-2.4.0.tgz",
            "integrity": "sha512-d6xOpEDfsi2CZVlPQzGeux8XMwLT9hssAsaPYExaQMuYskwb+x1x7J371tWlbBdWHroy99KnVB6qIkUbs5X3UQ==",
            "dev": true
        },
        "node_modules/typescript": {
            "version": "4.8.3",
            "resolved": "https://registry.npmjs.org/typescript/-/typescript-4.8.3.tgz",
            "integrity": "sha512-goMHfm00nWPa8UvR/CPSvykqf6dVV8x/dp0c5mFTMTIu0u0FlGWRioyy7Nn0PGAdHxpJZnuO/ut+PpQ8UiHAig==",
            "dev": true,
            "bin": {
                "tsc": "bin/tsc",
                "tsserver": "bin/tsserver"
            },
            "engines": {
                "node": ">=4.2.0"
            }
        }
    },
    "dependencies": {
        "@capacitor/android": {
            "version": "5.0.0-beta.3",
            "resolved": "https://registry.npmjs.org/@capacitor/android/-/android-5.0.0-beta.3.tgz",
            "integrity": "sha512-w9Q9OPi8o1Ay0IATiB7HhhQWPuUD9a3RsI/gc9okKjMbgROXtFGdupr/22pY5OVBjxeRX9VHGK4mmpAqAZ+bAg==",
            "dev": true,
            "requires": {}
        },
        "@capacitor/core": {
            "version": "5.0.0-beta.3",
            "resolved": "https://registry.npmjs.org/@capacitor/core/-/core-5.0.0-beta.3.tgz",
            "integrity": "sha512-veJbc/FsLxb1BiOJwBBR1aC6VIPZo+vKH3SvuuYxKX0NLo6ouTohqVD4iMMYLy+VaeSAaF08h0d8ymkooMraFA==",
            "dev": true,
            "requires": {
                "tslib": "^2.1.0"
            }
        },
        "@capacitor/ios": {
            "version": "5.0.0-beta.3",
            "resolved": "https://registry.npmjs.org/@capacitor/ios/-/ios-5.0.0-beta.3.tgz",
            "integrity": "sha512-AbHf8y3RiIsHctyu/oUe5XtdR/g/FVxzOvjTQWvqkV/bBcoOuFzSa9SC+OpatmAd3Axlie5sUwVKNMh9zqucbg==",
            "dev": true,
            "requires": {}
        },
        "tslib": {
            "version": "2.4.0",
            "resolved": "https://registry.npmjs.org/tslib/-/tslib-2.4.0.tgz",
            "integrity": "sha512-d6xOpEDfsi2CZVlPQzGeux8XMwLT9hssAsaPYExaQMuYskwb+x1x7J371tWlbBdWHroy99KnVB6qIkUbs5X3UQ==",
            "dev": true
        },
        "typescript": {
            "version": "4.8.3",
            "resolved": "https://registry.npmjs.org/typescript/-/typescript-4.8.3.tgz",
            "integrity": "sha512-goMHfm00nWPa8UvR/CPSvykqf6dVV8x/dp0c5mFTMTIu0u0FlGWRioyy7Nn0PGAdHxpJZnuO/ut+PpQ8UiHAig==",
            "dev": true
        }
    }
}
