{
  "name": "@byteowls/capacitor-sms",
  "version": "5.0.0",
  "lockfileVersion": 2,
  "requires": true,
  "packages": {
    "": {
      "name": "@byteowls/capacitor-sms",
      "version": "5.0.0",
      "license": "MIT",
      "devDependencies": {
        "@capacitor/android": "^5.0.0",
        "@capacitor/core": "^5.0.0",
        "@capacitor/ios": "^5.0.0",
        "typescript": "^4.0.3"
      },
      "peerDependencies": {
        "@capacitor/core": "^5.0.0"
      }
    },
    "node_modules/@capacitor/android": {
      "version": "5.3.0",
      "resolved": "https://registry.npmjs.org/@capacitor/android/-/android-5.3.0.tgz",
      "integrity": "sha512-5rEwD8u0whGXP+dZ0qXRFP3DWHi4WhZdzcxxZ/D4mLh5eVaQCxPpoHBcrS4FpKtl7PAWNDD2n32D9YrEcfERMA==",
      "dev": true,
      "peerDependencies": {
        "@capacitor/core": "^5.3.0"
      }
    },
    "node_modules/@capacitor/core": {
      "version": "5.3.0",
      "resolved": "https://registry.npmjs.org/@capacitor/core/-/core-5.3.0.tgz",
      "integrity": "sha512-mvhh1yJtcUTZ0hUUriBKKpxq47hn75bjxH3tYPRgAFu1z3gowCg+OtG4Rce3W5gr5fSfCjQgOSL0Vp7k9hPUWw==",
      "dev": true,
      "dependencies": {
        "tslib": "^2.1.0"
      }
    },
    "node_modules/@capacitor/ios": {
      "version": "5.3.0",
      "resolved": "https://registry.npmjs.org/@capacitor/ios/-/ios-5.3.0.tgz",
      "integrity": "sha512-AxcW6kp2dOhJ7D6Jz7FAiVi+tq8rv3K3VrfZ0rcGJGlqZfrOJ1m8ImcQ7cO9Fec7wf7a/XSwMOqWemYZFLOO8w==",
      "dev": true,
      "peerDependencies": {
        "@capacitor/core": "^5.3.0"
      }
    },
    "node_modules/tslib": {
      "version": "2.6.2",
      "resolved": "https://registry.npmjs.org/tslib/-/tslib-2.6.2.tgz",
      "integrity": "sha512-AEYxH93jGFPn/a2iVAwW87VuUIkR1FVUKB77NwMF7nBTDkDrrT/Hpt/IrCJ0QXhW27jTBDcf5ZY7w6RiqTMw2Q==",
      "dev": true
    },
    "node_modules/typescript": {
      "version": "4.9.5",
      "resolved": "https://registry.npmjs.org/typescript/-/typescript-4.9.5.tgz",
      "integrity": "sha512-1FXk9E2Hm+QzZQ7z+McJiHL4NW1F2EzMu9Nq9i3zAaGqibafqYwCVU6WyWAuyQRRzOlxou8xZSyXLEN8oKj24g==",
      "dev": true,
      "bin": {
        "tsc": "bin/tsc",
        "tsserver": "bin/tsserver"
      },
      "engines": {
        "node": ">=4.2.0"
      }
    }
  },
  "dependencies": {
    "@capacitor/android": {
      "version": "5.3.0",
      "resolved": "https://registry.npmjs.org/@capacitor/android/-/android-5.3.0.tgz",
      "integrity": "sha512-5rEwD8u0whGXP+dZ0qXRFP3DWHi4WhZdzcxxZ/D4mLh5eVaQCxPpoHBcrS4FpKtl7PAWNDD2n32D9YrEcfERMA==",
      "dev": true,
      "requires": {}
    },
    "@capacitor/core": {
      "version": "5.3.0",
      "resolved": "https://registry.npmjs.org/@capacitor/core/-/core-5.3.0.tgz",
      "integrity": "sha512-mvhh1yJtcUTZ0hUUriBKKpxq47hn75bjxH3tYPRgAFu1z3gowCg+OtG4Rce3W5gr5fSfCjQgOSL0Vp7k9hPUWw==",
      "dev": true,
      "requires": {
        "tslib": "^2.1.0"
      }
    },
    "@capacitor/ios": {
      "version": "5.3.0",
      "resolved": "https://registry.npmjs.org/@capacitor/ios/-/ios-5.3.0.tgz",
      "integrity": "sha512-AxcW6kp2dOhJ7D6Jz7FAiVi+tq8rv3K3VrfZ0rcGJGlqZfrOJ1m8ImcQ7cO9Fec7wf7a/XSwMOqWemYZFLOO8w==",
      "dev": true,
      "requires": {}
    },
    "tslib": {
      "version": "2.6.2",
      "resolved": "https://registry.npmjs.org/tslib/-/tslib-2.6.2.tgz",
      "integrity": "sha512-AEYxH93jGFPn/a2iVAwW87VuUIkR1FVUKB77NwMF7nBTDkDrrT/Hpt/IrCJ0QXhW27jTBDcf5ZY7w6RiqTMw2Q==",
      "dev": true
    },
    "typescript": {
      "version": "4.9.5",
      "resolved": "https://registry.npmjs.org/typescript/-/typescript-4.9.5.tgz",
      "integrity": "sha512-1FXk9E2Hm+QzZQ7z+McJiHL4NW1F2EzMu9Nq9i3zAaGqibafqYwCVU6WyWAuyQRRzOlxou8xZSyXLEN8oKj24g==",
      "dev": true
    }
  }
}
