{
    "name": "@byteowls/capacitor-sms",
    "version": "3.0.1",
    "lockfileVersion": 2,
    "requires": true,
    "packages": {
        "": {
            "name": "@byteowls/capacitor-sms",
            "version": "3.0.1",
            "license": "MIT",
            "devDependencies": {
                "@capacitor/android": "3.0.0",
                "@capacitor/core": "3.0.0",
                "@capacitor/ios": "3.0.0",
                "typescript": "^4.0.3"
            },
            "peerDependencies": {
                "@capacitor/core": "^3.0.0"
            }
        },
        "node_modules/@capacitor/android": {
            "version": "3.0.0",
            "resolved": "https://registry.npmjs.org/@capacitor/android/-/android-3.0.0.tgz",
            "integrity": "sha512-qyvI3LzfGvVnSK7Dw3dXXLSJjfj816EfWHiyGzV4Rg5r2XkvPa8IqjHT3lmyxwNJjGdHl3TTn9Q6YvM6XD70cQ==",
            "dev": true,
            "peerDependencies": {
                "@capacitor/core": "~3.0.0"
            }
        },
        "node_modules/@capacitor/core": {
            "version": "3.0.0",
            "resolved": "https://registry.npmjs.org/@capacitor/core/-/core-3.0.0.tgz",
            "integrity": "sha512-JmKE6QEayo8MqWcApwMP5YFimpVb2mcIEHBwgP/P9nSAOxOcbdpJyd9HhBt5pzZAE1MBngPADWWwZLrdNSjCnA==",
            "dev": true,
            "dependencies": {
                "tslib": "^2.1.0"
            }
        },
        "node_modules/@capacitor/ios": {
            "version": "3.0.0",
            "resolved": "https://registry.npmjs.org/@capacitor/ios/-/ios-3.0.0.tgz",
            "integrity": "sha512-EvWW86hQqmoY0qFV1LJyZujlgfEgl4iEUJVhCv84mshMyS2bXZu5Ip4yuKtJBDsKmTWyA7rfcAnPMEnUfQ6bkw==",
            "dev": true,
            "peerDependencies": {
                "@capacitor/core": "~3.0.0"
            }
        },
        "node_modules/tslib": {
            "version": "2.3.0",
            "resolved": "https://registry.npmjs.org/tslib/-/tslib-2.3.0.tgz",
            "integrity": "sha512-N82ooyxVNm6h1riLCoyS9e3fuJ3AMG2zIZs2Gd1ATcSFjSA23Q0fzjjZeh0jbJvWVDZ0cJT8yaNNaaXHzueNjg==",
            "dev": true
        },
        "node_modules/typescript": {
            "version": "4.3.5",
            "resolved": "https://registry.npmjs.org/typescript/-/typescript-4.3.5.tgz",
            "integrity": "sha512-DqQgihaQ9cUrskJo9kIyW/+g0Vxsk8cDtZ52a3NGh0YNTfpUSArXSohyUGnvbPazEPLu398C0UxmKSOrPumUzA==",
            "dev": true,
            "bin": {
                "tsc": "bin/tsc",
                "tsserver": "bin/tsserver"
            },
            "engines": {
                "node": ">=4.2.0"
            }
        }
    },
    "dependencies": {
        "@capacitor/android": {
            "version": "3.0.0",
            "resolved": "https://registry.npmjs.org/@capacitor/android/-/android-3.0.0.tgz",
            "integrity": "sha512-qyvI3LzfGvVnSK7Dw3dXXLSJjfj816EfWHiyGzV4Rg5r2XkvPa8IqjHT3lmyxwNJjGdHl3TTn9Q6YvM6XD70cQ==",
            "dev": true,
            "requires": {}
        },
        "@capacitor/core": {
            "version": "3.0.0",
            "resolved": "https://registry.npmjs.org/@capacitor/core/-/core-3.0.0.tgz",
            "integrity": "sha512-JmKE6QEayo8MqWcApwMP5YFimpVb2mcIEHBwgP/P9nSAOxOcbdpJyd9HhBt5pzZAE1MBngPADWWwZLrdNSjCnA==",
            "dev": true,
            "requires": {
                "tslib": "^2.1.0"
            }
        },
        "@capacitor/ios": {
            "version": "3.0.0",
            "resolved": "https://registry.npmjs.org/@capacitor/ios/-/ios-3.0.0.tgz",
            "integrity": "sha512-EvWW86hQqmoY0qFV1LJyZujlgfEgl4iEUJVhCv84mshMyS2bXZu5Ip4yuKtJBDsKmTWyA7rfcAnPMEnUfQ6bkw==",
            "dev": true,
            "requires": {}
        },
        "tslib": {
            "version": "2.3.0",
            "resolved": "https://registry.npmjs.org/tslib/-/tslib-2.3.0.tgz",
            "integrity": "sha512-N82ooyxVNm6h1riLCoyS9e3fuJ3AMG2zIZs2Gd1ATcSFjSA23Q0fzjjZeh0jbJvWVDZ0cJT8yaNNaaXHzueNjg==",
            "dev": true
        },
        "typescript": {
            "version": "4.3.5",
            "resolved": "https://registry.npmjs.org/typescript/-/typescript-4.3.5.tgz",
            "integrity": "sha512-DqQgihaQ9cUrskJo9kIyW/+g0Vxsk8cDtZ52a3NGh0YNTfpUSArXSohyUGnvbPazEPLu398C0UxmKSOrPumUzA==",
            "dev": true
        }
    }
}
