PODS:
  - Capacitor (1.0.0-beta.17):
    - CapacitorCordova (= 1.0.0-beta.17)
  - CapacitorCordova (1.0.0-beta.17)

DEPENDENCIES:
  - Capacitor (~> 1.0.0-beta.16)

SPEC REPOS:
  https://github.com/cocoapods/specs.git:
    - Capacitor
    - CapacitorCordova

SPEC CHECKSUMS:
  Capacitor: e70f78a9f9ab26c8ad4a1f3a7aeda5da85e8d659
  CapacitorCordova: 3acfc17886c27567d5c5dfebbc249b634d0eafdc

PODFILE CHECKSUM: c069d5c92aa49120c8e7c03e18a509e5165d6294

COCOAPODS: 1.5.3
